
Microsoft Visual Studio Solution File, Format Version 12.00
# Visual Studio 14
VisualStudioVersion = 14.0.23107.0
MinimumVisualStudioVersion = 10.0.40219.1
Project("{F2A71F9B-5D33-465A-A702-920D77279786}") = "HL.Payroll.Skattetabell", "HL.Payroll.Skattetabell\HL.Payroll.Skattetabell.fsproj", "{8C936457-0FAE-4DAB-903A-90084F84B3FD}"
EndProject
Project("{FAE04EC0-301F-11D3-BF4B-00C04F79EFBC}") = "HL.Payroll.Tests", "HL.Payroll.Tests\HL.Payroll.Tests.csproj", "{0DC04A43-204E-4DFE-9383-92C97142A8BF}"
EndProject
Global
	GlobalSection(SolutionConfigurationPlatforms) = preSolution
		Debug|Any CPU = Debug|Any CPU
		Release|Any CPU = Release|Any CPU
	EndGlobalSection
	GlobalSection(ProjectConfigurationPlatforms) = postSolution
		{8C936457-0FAE-4DAB-903A-90084F84B3FD}.Debug|Any CPU.ActiveCfg = Debug|Any CPU
		{8C936457-0FAE-4DAB-903A-90084F84B3FD}.Debug|Any CPU.Build.0 = Debug|Any CPU
		{8C936457-0FAE-4DAB-903A-90084F84B3FD}.Release|Any CPU.ActiveCfg = Release|Any CPU
		{8C936457-0FAE-4DAB-903A-90084F84B3FD}.Release|Any CPU.Build.0 = Release|Any CPU
		{0DC04A43-204E-4DFE-9383-92C97142A8BF}.Debug|Any CPU.ActiveCfg = Debug|Any CPU
		{0DC04A43-204E-4DFE-9383-92C97142A8BF}.Debug|Any CPU.Build.0 = Debug|Any CPU
		{0DC04A43-204E-4DFE-9383-92C97142A8BF}.Release|Any CPU.ActiveCfg = Release|Any CPU
		{0DC04A43-204E-4DFE-9383-92C97142A8BF}.Release|Any CPU.Build.0 = Release|Any CPU
	EndGlobalSection
	GlobalSection(SolutionProperties) = preSolution
		HideSolutionNode = FALSE
	EndGlobalSection
EndGlobal
